{
  "name": "deploy-101",
  "version": "1.0.0",
  "lockfileVersion": 1,
  "requires": true,
  "dependencies": {
    "@mitchallen/lambda-adapter": {
      "version": "0.3.0",
      "resolved": "https://registry.npmjs.org/@mitchallen/lambda-adapter/-/lambda-adapter-0.3.0.tgz",
      "integrity": "sha1-CGwvU++vyBJ0VExzcL22Pp1nzX8=",
      "requires": {
        "path-to-regexp-wrap": "https://registry.npmjs.org/path-to-regexp-wrap/-/path-to-regexp-wrap-1.1.0.tgz"
      }
    },
    "dotenv": {
      "version": "https://registry.npmjs.org/dotenv/-/dotenv-4.0.0.tgz",
      "integrity": "sha1-hk7xN5rO1Vzm+V3r7NzhefegzR0="
    },
    "isarray": {
      "version": "https://registry.npmjs.org/isarray/-/isarray-0.0.1.tgz",
      "integrity": "sha1-ihis/Kmo9Bd+Cav8YDiTmwXR7t8="
    },
    "marchio-core-record": {
      "version": "0.1.3",
      "resolved": "https://registry.npmjs.org/marchio-core-record/-/marchio-core-record-0.1.3.tgz",
      "integrity": "sha1-1m/w8V6PjLZT+n3mxFgv5rickl8="
    },
    "marchio-id-uuid": {
      "version": "0.1.1",
      "resolved": "https://registry.npmjs.org/marchio-id-uuid/-/marchio-id-uuid-0.1.1.tgz",
      "integrity": "sha1-DkAGs0SwjQ7w3JoztouT2z1DIMw=",
      "requires": {
        "uuid": "https://registry.npmjs.org/uuid/-/uuid-3.0.1.tgz"
      }
    },
    "marchio-lambda-post": {
      "version": "0.2.0",
      "resolved": "https://registry.npmjs.org/marchio-lambda-post/-/marchio-lambda-post-0.2.0.tgz",
      "integrity": "sha512-PrgtDonZ4SlzSsizidaCxQzUVDcu/dPmEvz4Gg1juKCZkBYxxu9pIJarBS4gSIUX+sk7QYI1q1slxf+DKFtIQg==",
      "requires": {
        "@mitchallen/lambda-adapter": "0.3.0",
        "dotenv": "https://registry.npmjs.org/dotenv/-/dotenv-4.0.0.tgz",
        "marchio-core-record": "0.1.3",
        "marchio-id-uuid": "0.1.1"
      }
    },
    "path-to-regexp": {
      "version": "https://registry.npmjs.org/path-to-regexp/-/path-to-regexp-1.7.0.tgz",
      "integrity": "sha1-Wf3g9DW62suhA6hOnTvGTpa5k30=",
      "requires": {
        "isarray": "https://registry.npmjs.org/isarray/-/isarray-0.0.1.tgz"
      }
    },
    "path-to-regexp-wrap": {
      "version": "https://registry.npmjs.org/path-to-regexp-wrap/-/path-to-regexp-wrap-1.1.0.tgz",
      "integrity": "sha1-wHwxP33Y7D1njmdjfUGfozMylT0=",
      "requires": {
        "path-to-regexp": "https://registry.npmjs.org/path-to-regexp/-/path-to-regexp-1.7.0.tgz"
      }
    },
    "uuid": {
      "version": "https://registry.npmjs.org/uuid/-/uuid-3.0.1.tgz",
      "integrity": "sha1-ZUS7ot/ajBzxfmKaOjBeK7H+5sE="
    }
  }
}
